// !$*UTF8*$!
{
	archiveVersion = 1;
	classes = {
	};
	objectVersion = 46;
	objects = {

/* Begin PBXBuildFile section */
		36CBA1FF1A665C2000399091 /* main.m in Sources */ = {isa = PBXBuildFile; fileRef = 36CBA1FE1A665C2000399091 /* main.m */; };
		36CBA2021A665C2000399091 /* AppDelegate.m in Sources */ = {isa = PBXBuildFile; fileRef = 36CBA2011A665C2000399091 /* AppDelegate.m */; };
		36CBA2051A665C2000399091 /* ViewController.m in Sources */ = {isa = PBXBuildFile; fileRef = 36CBA2041A665C2000399091 /* ViewController.m */; };
		36CBA2081A665C2000399091 /* Main.storyboard in Resources */ = {isa = PBXBuildFile; fileRef = 36CBA2061A665C2000399091 /* Main.storyboard */; };
		36CBA20A1A665C2000399091 /* Images.xcassets in Resources */ = {isa = PBXBuildFile; fileRef = 36CBA2091A665C2000399091 /* Images.xcassets */; };
		36CBA20D1A665C2000399091 /* LaunchScreen.xib in Resources */ = {isa = PBXBuildFile; fileRef = 36CBA20B1A665C2000399091 /* LaunchScreen.xib */; };
		36CBA2191A665C2000399091 /* SimpleFeedReaderTests.m in Sources */ = {isa = PBXBuildFile; fileRef = 36CBA2181A665C2000399091 /* SimpleFeedReaderTests.m */; };
/* End PBXBuildFile section */

/* Begin PBXContainerItemProxy section */
		36CBA2131A665C2000399091 /* PBXContainerItemProxy */ = {
			isa = PBXContainerItemProxy;
			containerPortal = 36CBA1F11A665C2000399091 /* Project object */;
			proxyType = 1;
			remoteGlobalIDString = 36CBA1F81A665C2000399091;
			remoteInfo = SimpleFeedReader;
		};
/* End PBXContainerItemProxy section */

/* Begin PBXFileReference section */
		36CBA1F91A665C2000399091 /* SimpleFeedReader.app */ = {isa = PBXFileReference; explicitFileType = wrapper.application; includeInIndex = 0; path = SimpleFeedReader.app; sourceTree = BUILT_PRODUCTS_DIR; };
		36CBA1FD1A665C2000399091 /* Info.plist */ = {isa = PBXFileReference; lastKnownFileType = text.plist.xml; path = Info.plist; sourceTree = "<group>"; };
		36CBA1FE1A665C2000399091 /* main.m */ = {isa = PBXFileReference; lastKnownFileType = sourcecode.c.objc; path = main.m; sourceTree = "<group>"; };
		36CBA2001A665C2000399091 /* AppDelegate.h */ = {isa = PBXFileReference; lastKnownFileType = sourcecode.c.h; path = AppDelegate.h; sourceTree = "<group>"; };
		36CBA2011A665C2000399091 /* AppDelegate.m */ = {isa = PBXFileReference; lastKnownFileType = sourcecode.c.objc; path = AppDelegate.m; sourceTree = "<group>"; };
		36CBA2031A665C2000399091 /* ViewController.h */ = {isa = PBXFileReference; lastKnownFileType = sourcecode.c.h; path = ViewController.h; sourceTree = "<group>"; };
		36CBA2041A665C2000399091 /* ViewController.m */ = {isa = PBXFileReference; lastKnownFileType = sourcecode.c.objc; path = ViewController.m; sourceTree = "<group>"; };
		36CBA2071A665C2000399091 /* Base */ = {isa = PBXFileReference; lastKnownFileType = file.storyboard; name = Base; path = Base.lproj/Main.storyboard; sourceTree = "<group>"; };
		36CBA2091A665C2000399091 /* Images.xcassets */ = {isa = PBXFileReference; lastKnownFileType = folder.assetcatalog; path = Images.xcassets; sourceTree = "<group>"; };
		36CBA20C1A665C2000399091 /* Base */ = {isa = PBXFileReference; lastKnownFileType = file.xib; name = Base; path = Base.lproj/LaunchScreen.xib; sourceTree = "<group>"; };
		36CBA2121A665C2000399091 /* SimpleFeedReaderTests.xctest */ = {isa = PBXFileReference; explicitFileType = wrapper.cfbundle; includeInIndex = 0; path = SimpleFeedReaderTests.xctest; sourceTree = BUILT_PRODUCTS_DIR; };
		36CBA2171A665C2000399091 /* Info.plist */ = {isa = PBXFileReference; lastKnownFileType = text.plist.xml; path = Info.plist; sourceTree = "<group>"; };
		36CBA2181A665C2000399091 /* SimpleFeedReaderTests.m */ = {isa = PBXFileReference; lastKnownFileType = sourcecode.c.objc; path = SimpleFeedReaderTests.m; sourceTree = "<group>"; };
/* End PBXFileReference section */

/* Begin PBXFrameworksBuildPhase section */
		36CBA1F61A665C2000399091 /* Frameworks */ = {
			isa = PBXFrameworksBuildPhase;
			buildActionMask = 2147483647;
			files = (
			);
			runOnlyForDeploymentPostprocessing = 0;
		};
		36CBA20F1A665C2000399091 /* Frameworks */ = {
			isa = PBXFrameworksBuildPhase;
			buildActionMask = 2147483647;
			files = (
			);
			runOnlyForDeploymentPostprocessing = 0;
		};
/* End PBXFrameworksBuildPhase section */

/* Begin PBXGroup section */
		36CBA1F01A665C2000399091 = {
			isa = PBXGroup;
			children = (
				36CBA1FB1A665C2000399091 /* SimpleFeedReader */,
				36CBA2151A665C2000399091 /* SimpleFeedReaderTests */,
				36CBA1FA1A665C2000399091 /* Products */,
			);
			sourceTree = "<group>";
		};
		36CBA1FA1A665C2000399091 /* Products */ = {
			isa = PBXGroup;
			children = (
				36CBA1F91A665C2000399091 /* SimpleFeedReader.app */,
				36CBA2121A665C2000399091 /* SimpleFeedReaderTests.xctest */,
			);
			name = Products;
			sourceTree = "<group>";
		};
		36CBA1FB1A665C2000399091 /* SimpleFeedReader */ = {
			isa = PBXGroup;
			children = (
				36CBA2001A665C2000399091 /* AppDelegate.h */,
				36CBA2011A665C2000399091 /* AppDelegate.m */,
				36CBA2031A665C2000399091 /* ViewController.h */,
				36CBA2041A665C2000399091 /* ViewController.m */,
				36CBA2061A665C2000399091 /* Main.storyboard */,
				36CBA2091A665C2000399091 /* Images.xcassets */,
				36CBA20B1A665C2000399091 /* LaunchScreen.xib */,
				36CBA1FC1A665C2000399091 /* Supporting Files */,
			);
			path = SimpleFeedReader;
			sourceTree = "<group>";
		};
		36CBA1FC1A665C2000399091 /* Supporting Files */ = {
			isa = PBXGroup;
			children = (
				36CBA1FD1A665C2000399091 /* Info.plist */,
				36CBA1FE1A665C2000399091 /* main.m */,
			);
			name = "Supporting Files";
			sourceTree = "<group>";
		};
		36CBA2151A665C2000399091 /* SimpleFeedReaderTests */ = {
			isa = PBXGroup;
			children = (
				36CBA2181A665C2000399091 /* SimpleFeedReaderTests.m */,
				36CBA2161A665C2000399091 /* Supporting Files */,
			);
			path = SimpleFeedReaderTests;
			sourceTree = "<group>";
		};
		36CBA2161A665C2000399091 /* Supporting Files */ = {
			isa = PBXGroup;
			children = (
				36CBA2171A665C2000399091 /* Info.plist */,
			);
			name = "Supporting Files";
			sourceTree = "<group>";
		};
/* End PBXGroup section */

/* Begin PBXNativeTarget section */
		36CBA1F81A665C2000399091 /* SimpleFeedReader */ = {
			isa = PBXNativeTarget;
			buildConfigurationList = 36CBA21C1A665C2000399091 /* Build configuration list for PBXNativeTarget "SimpleFeedReader" */;
			buildPhases = (
				36CBA1F51A665C2000399091 /* Sources */,
				36CBA1F61A665C2000399091 /* Frameworks */,
				36CBA1F71A665C2000399091 /* Resources */,
			);
			buildRules = (
			);
			dependencies = (
			);
			name = SimpleFeedReader;
			productName = SimpleFeedReader;
			productReference = 36CBA1F91A665C2000399091 /* SimpleFeedReader.app */;
			productType = "com.apple.product-type.application";
		};
		36CBA2111A665C2000399091 /* SimpleFeedReaderTests */ = {
			isa = PBXNativeTarget;
			buildConfigurationList = 36CBA21F1A665C2000399091 /* Build configuration list for PBXNativeTarget "SimpleFeedReaderTests" */;
			buildPhases = (
				36CBA20E1A665C2000399091 /* Sources */,
				36CBA20F1A665C2000399091 /* Frameworks */,
				36CBA2101A665C2000399091 /* Resources */,
			);
			buildRules = (
			);
			dependencies = (
				36CBA2141A665C2000399091 /* PBXTargetDependency */,
			);
			name = SimpleFeedReaderTests;
			productName = SimpleFeedReaderTests;
			productReference = 36CBA2121A665C2000399091 /* SimpleFeedReaderTests.xctest */;
			productType = "com.apple.product-type.bundle.unit-test";
		};
/* End PBXNativeTarget section */

/* Begin PBXProject section */
		36CBA1F11A665C2000399091 /* Project object */ = {
			isa = PBXProject;
			attributes = {
				LastUpgradeCheck = 0610;
				ORGANIZATIONNAME = "Thomas LEVY";
				TargetAttributes = {
					36CBA1F81A665C2000399091 = {
						CreatedOnToolsVersion = 6.1.1;
					};
					36CBA2111A665C2000399091 = {
						CreatedOnToolsVersion = 6.1.1;
						TestTargetID = 36CBA1F81A665C2000399091;
					};
				};
			};
			buildConfigurationList = 36CBA1F41A665C2000399091 /* Build configuration list for PBXProject "SimpleFeedReader" */;
			compatibilityVersion = "Xcode 3.2";
			developmentRegion = English;
			hasScannedForEncodings = 0;
			knownRegions = (
				en,
				Base,
			);
			mainGroup = 36CBA1F01A665C2000399091;
			productRefGroup = 36CBA1FA1A665C2000399091 /* Products */;
			projectDirPath = "";
			projectRoot = "";
			targets = (
				36CBA1F81A665C2000399091 /* SimpleFeedReader */,
				36CBA2111A665C2000399091 /* SimpleFeedReaderTests */,
			);
		};
/* End PBXProject section */

/* Begin PBXResourcesBuildPhase section */
		36CBA1F71A665C2000399091 /* Resources */ = {
			isa = PBXResourcesBuildPhase;
			buildActionMask = 2147483647;
			files = (
				36CBA2081A665C2000399091 /* Main.storyboard in Resources */,
				36CBA20D1A665C2000399091 /* LaunchScreen.xib in Resources */,
				36CBA20A1A665C2000399091 /* Images.xcassets in Resources */,
			);
			runOnlyForDeploymentPostprocessing = 0;
		};
		36CBA2101A665C2000399091 /* Resources */ = {
			isa = PBXResourcesBuildPhase;
			buildActionMask = 2147483647;
			files = (
			);
			runOnlyForDeploymentPostprocessing = 0;
		};
/* End PBXResourcesBuildPhase section */

/* Begin PBXSourcesBuildPhase section */
		36CBA1F51A665C2000399091 /* Sources */ = {
			isa = PBXSourcesBuildPhase;
			buildActionMask = 2147483647;
			files = (
				36CBA2051A665C2000399091 /* ViewController.m in Sources */,
				36CBA2021A665C2000399091 /* AppDelegate.m in Sources */,
				36CBA1FF1A665C2000399091 /* main.m in Sources */,
			);
			runOnlyForDeploymentPostprocessing = 0;
		};
		36CBA20E1A665C2000399091 /* Sources */ = {
			isa = PBXSourcesBuildPhase;
			buildActionMask = 2147483647;
			files = (
				36CBA2191A665C2000399091 /* SimpleFeedReaderTests.m in Sources */,
			);
			runOnlyForDeploymentPostprocessing = 0;
		};
/* End PBXSourcesBuildPhase section */

/* Begin PBXTargetDependency section */
		36CBA2141A665C2000399091 /* PBXTargetDependency */ = {
			isa = PBXTargetDependency;
			target = 36CBA1F81A665C2000399091 /* SimpleFeedReader */;
			targetProxy = 36CBA2131A665C2000399091 /* PBXContainerItemProxy */;
		};
/* End PBXTargetDependency section */

/* Begin PBXVariantGroup section */
		36CBA2061A665C2000399091 /* Main.storyboard */ = {
			isa = PBXVariantGroup;
			children = (
				36CBA2071A665C2000399091 /* Base */,
			);
			name = Main.storyboard;
			sourceTree = "<group>";
		};
		36CBA20B1A665C2000399091 /* LaunchScreen.xib */ = {
			isa = PBXVariantGroup;
			children = (
				36CBA20C1A665C2000399091 /* Base */,
			);
			name = LaunchScreen.xib;
			sourceTree = "<group>";
		};
/* End PBXVariantGroup section */

/* Begin XCBuildConfiguration section */
		36CBA21A1A665C2000399091 /* Debug */ = {
			isa = XCBuildConfiguration;
			buildSettings = {
				ALWAYS_SEARCH_USER_PATHS = NO;
				CLANG_CXX_LANGUAGE_STANDARD = "gnu++0x";
				CLANG_CXX_LIBRARY = "libc++";
				CLANG_ENABLE_MODULES = YES;
				CLANG_ENABLE_OBJC_ARC = YES;
				CLANG_WARN_BOOL_CONVERSION = YES;
				CLANG_WARN_CONSTANT_CONVERSION = YES;
				CLANG_WARN_DIRECT_OBJC_ISA_USAGE = YES_ERROR;
				CLANG_WARN_EMPTY_BODY = YES;
				CLANG_WARN_ENUM_CONVERSION = YES;
				CLANG_WARN_INT_CONVERSION = YES;
				CLANG_WARN_OBJC_ROOT_CLASS = YES_ERROR;
				CLANG_WARN_UNREACHABLE_CODE = YES;
				CLANG_WARN__DUPLICATE_METHOD_MATCH = YES;
				"CODE_SIGN_IDENTITY[sdk=iphoneos*]" = "iPhone Developer";
				COPY_PHASE_STRIP = NO;
				ENABLE_STRICT_OBJC_MSGSEND = YES;
				GCC_C_LANGUAGE_STANDARD = gnu99;
				GCC_DYNAMIC_NO_PIC = NO;
				GCC_OPTIMIZATION_LEVEL = 0;
				GCC_PREPROCESSOR_DEFINITIONS = (
					"DEBUG=1",
					"$(inherited)",
				);
				GCC_SYMBOLS_PRIVATE_EXTERN = NO;
				GCC_WARN_64_TO_32_BIT_CONVERSION = YES;
				GCC_WARN_ABOUT_RETURN_TYPE = YES_ERROR;
				GCC_WARN_UNDECLARED_SELECTOR = YES;
				GCC_WARN_UNINITIALIZED_AUTOS = YES_AGGRESSIVE;
				GCC_WARN_UNUSED_FUNCTION = YES;
				GCC_WARN_UNUSED_VARIABLE = YES;
				IPHONEOS_DEPLOYMENT_TARGET = 8.1;
				MTL_ENABLE_DEBUG_INFO = YES;
				ONLY_ACTIVE_ARCH = YES;
				SDKROOT = iphoneos;
				TARGETED_DEVICE_FAMILY = "1,2";
			};
			name = Debug;
		};
		36CBA21B1A665C2000399091 /* Release */ = {
			isa = XCBuildConfiguration;
			buildSettings = {
				ALWAYS_SEARCH_USER_PATHS = NO;
				CLANG_CXX_LANGUAGE_STANDARD = "gnu++0x";
				CLANG_CXX_LIBRARY = "libc++";
				CLANG_ENABLE_MODULES = YES;
				CLANG_ENABLE_OBJC_ARC = YES;
				CLANG_WARN_BOOL_CONVERSION = YES;
				CLANG_WARN_CONSTANT_CONVERSION = YES;
				CLANG_WARN_DIRECT_OBJC_ISA_USAGE = YES_ERROR;
				CLANG_WARN_EMPTY_BODY = YES;
				CLANG_WARN_ENUM_CONVERSION = YES;
				CLANG_WARN_INT_CONVERSION = YES;
				CLANG_WARN_OBJC_ROOT_CLASS = YES_ERROR;
				CLANG_WARN_UNREACHABLE_CODE = YES;
				CLANG_WARN__DUPLICATE_METHOD_MATCH = YES;
				"CODE_SIGN_IDENTITY[sdk=iphoneos*]" = "iPhone Developer";
				COPY_PHASE_STRIP = YES;
				ENABLE_NS_ASSERTIONS = NO;
				ENABLE_STRICT_OBJC_MSGSEND = YES;
				GCC_C_LANGUAGE_STANDARD = gnu99;
				GCC_WARN_64_TO_32_BIT_CONVERSION = YES;
				GCC_WARN_ABOUT_RETURN_TYPE = YES_ERROR;
				GCC_WARN_UNDECLARED_SELECTOR = YES;
				GCC_WARN_UNINITIALIZED_AUTOS = YES_AGGRESSIVE;
				GCC_WARN_UNUSED_FUNCTION = YES;
				GCC_WARN_UNUSED_VARIABLE = YES;
				IPHONEOS_DEPLOYMENT_TARGET = 8.1;
				MTL_ENABLE_DEBUG_INFO = NO;
				SDKROOT = iphoneos;
				TARGETED_DEVICE_FAMILY = "1,2";
				VALIDATE_PRODUCT = YES;
			};
			name = Release;
		};
		36CBA21D1A665C2000399091 /* Debug */ = {
			isa = XCBuildConfiguration;
			buildSettings = {
				ASSETCATALOG_COMPILER_APPICON_NAME = AppIcon;
				INFOPLIST_FILE = SimpleFeedReader/Info.plist;
				LD_RUNPATH_SEARCH_PATHS = "$(inherited) @executable_path/Frameworks";
				PRODUCT_NAME = "$(TARGET_NAME)";
			};
			name = Debug;
		};
		36CBA21E1A665C2000399091 /* Release */ = {
			isa = XCBuildConfiguration;
			buildSettings = {
				ASSETCATALOG_COMPILER_APPICON_NAME = AppIcon;
				INFOPLIST_FILE = SimpleFeedReader/Info.plist;
				LD_RUNPATH_SEARCH_PATHS = "$(inherited) @executable_path/Frameworks";
				PRODUCT_NAME = "$(TARGET_NAME)";
			};
			name = Release;
		};
		36CBA2201A665C2000399091 /* Debug */ = {
			isa = XCBuildConfiguration;
			buildSettings = {
				BUNDLE_LOADER = "$(TEST_HOST)";
				FRAMEWORK_SEARCH_PATHS = (
					"$(SDKROOT)/Developer/Library/Frameworks",
					"$(inherited)",
				);
				GCC_PREPROCESSOR_DEFINITIONS = (
					"DEBUG=1",
					"$(inherited)",
				);
				INFOPLIST_FILE = SimpleFeedReaderTests/Info.plist;
				LD_RUNPATH_SEARCH_PATHS = "$(inherited) @executable_path/Frameworks @loader_path/Frameworks";
				PRODUCT_NAME = "$(TARGET_NAME)";
				TEST_HOST = "$(BUILT_PRODUCTS_DIR)/SimpleFeedReader.app/SimpleFeedReader";
			};
			name = Debug;
		};
		36CBA2211A665C2000399091 /* Release */ = {
			isa = XCBuildConfiguration;
			buildSettings = {
				BUNDLE_LOADER = "$(TEST_HOST)";
				FRAMEWORK_SEARCH_PATHS = (
					"$(SDKROOT)/Developer/Library/Frameworks",
					"$(inherited)",
				);
				INFOPLIST_FILE = SimpleFeedReaderTests/Info.plist;
				LD_RUNPATH_SEARCH_PATHS = "$(inherited) @executable_path/Frameworks @loader_path/Frameworks";
				PRODUCT_NAME = "$(TARGET_NAME)";
				TEST_HOST = "$(BUILT_PRODUCTS_DIR)/SimpleFeedReader.app/SimpleFeedReader";
			};
			name = Release;
		};
/* End XCBuildConfiguration section */

/* Begin XCConfigurationList section */
		36CBA1F41A665C2000399091 /* Build configuration list for PBXProject "SimpleFeedReader" */ = {
			isa = XCConfigurationList;
			buildConfigurations = (
				36CBA21A1A665C2000399091 /* Debug */,
				36CBA21B1A665C2000399091 /* Release */,
			);
			defaultConfigurationIsVisible = 0;
			defaultConfigurationName = Release;
		};
		36CBA21C1A665C2000399091 /* Build configuration list for PBXNativeTarget "SimpleFeedReader" */ = {
			isa = XCConfigurationList;
			buildConfigurations = (
				36CBA21D1A665C2000399091 /* Debug */,
				36CBA21E1A665C2000399091 /* Release */,
			);
			defaultConfigurationIsVisible = 0;
		};
		36CBA21F1A665C2000399091 /* Build configuration list for PBXNativeTarget "SimpleFeedReaderTests" */ = {
			isa = XCConfigurationList;
			buildConfigurations = (
				36CBA2201A665C2000399091 /* Debug */,
				36CBA2211A665C2000399091 /* Release */,
			);
			defaultConfigurationIsVisible = 0;
		};
/* End XCConfigurationList section */
	};
	rootObject = 36CBA1F11A665C2000399091 /* Project object */;
}
